
Microsoft Visual Studio Solution File, Format Version 12.00
# Visual Studio Version 16
VisualStudioVersion = 16.0.31613.86
MinimumVisualStudioVersion = 10.0.40219.1
Project("{9A19103F-16F7-4668-BE54-9A1E7A4F7556}") = "KARC", "KARC\KARC.csproj", "{37533065-7B81-4DD4-8FB4-A3DE4E8874A1}"
EndProject
Global
	GlobalSection(SolutionConfigurationPlatforms) = preSolution
		Debug|Any CPU = Debug|Any CPU
		Release|Any CPU = Release|Any CPU
	EndGlobalSection
	GlobalSection(ProjectConfigurationPlatforms) = postSolution
		{37533065-7B81-4DD4-8FB4-A3DE4E8874A1}.Debug|Any CPU.ActiveCfg = Debug|Any CPU
		{37533065-7B81-4DD4-8FB4-A3DE4E8874A1}.Debug|Any CPU.Build.0 = Debug|Any CPU
		{37533065-7B81-4DD4-8FB4-A3DE4E8874A1}.Release|Any CPU.ActiveCfg = Release|Any CPU
		{37533065-7B81-4DD4-8FB4-A3DE4E8874A1}.Release|Any CPU.Build.0 = Release|Any CPU
	EndGlobalSection
	GlobalSection(SolutionProperties) = preSolution
		HideSolutionNode = FALSE
	EndGlobalSection
	GlobalSection(ExtensibilityGlobals) = postSolution
		SolutionGuid = {33C410C2-3998-4D8D-A9D0-E8E342187F30}
	EndGlobalSection
EndGlobal
